# This file is automatically @generated by Wally.
# It is not intended for manual editing.
registry = "test"

[[package]]
name = "derpe/shaketest"
version = "0.1.0"
dependencies = [["Shake", "sleitnick/shake@0.1.7"]]

[[package]]
name = "sleitnick/shake"
version = "0.1.7"
dependencies = [["Trove", "sleitnick/trove@0.4.2"]]

[[package]]
name = "sleitnick/trove"
version = "0.4.2"
dependencies = []
